{
  "name": "hexo-site",
  "version": "0.0.0",
  "lockfileVersion": 1,
  "requires": true,
  "dependencies": {
    "hexo-theme-melody": {
      "version": "1.9.0",
      "resolved": "https://registry.npmjs.org/hexo-theme-melody/-/hexo-theme-melody-1.9.0.tgz",
      "integrity": "sha512-4F0Zk6K5r71nN2hjfkJqs4/oX/9sPRopMNpLxGblxwqxHsoigr2YxDfunpSVu6pe/GIs+HbHxi5T1UthzTGAuQ=="
    }
  }
}
